
Microsoft Visual Studio Solution File, Format Version 12.00
# Visual Studio Version 17
VisualStudioVersion = 17.3.32929.385
MinimumVisualStudioVersion = 10.0.40219.1
Project("{9A19103F-16F7-4668-BE54-9A1E7A4F7556}") = "SocialNetwork", "SocialNetwork\SocialNetwork.csproj", "{BE7D9C51-B5BC-4931-AD8A-8B213CBB342C}"
EndProject
Project("{2150E333-8FDC-42A3-9474-1A3956D46DE8}") = "Solution Items", "Solution Items", "{00E924C9-5028-4747-95D5-232CC8AD348A}"
	ProjectSection(SolutionItems) = preProject
		.editorconfig = .editorconfig
	EndProjectSection
EndProject
Global
	GlobalSection(SolutionConfigurationPlatforms) = preSolution
		Debug|Any CPU = Debug|Any CPU
		Release|Any CPU = Release|Any CPU
	EndGlobalSection
	GlobalSection(ProjectConfigurationPlatforms) = postSolution
		{BE7D9C51-B5BC-4931-AD8A-8B213CBB342C}.Debug|Any CPU.ActiveCfg = Debug|Any CPU
		{BE7D9C51-B5BC-4931-AD8A-8B213CBB342C}.Debug|Any CPU.Build.0 = Debug|Any CPU
		{BE7D9C51-B5BC-4931-AD8A-8B213CBB342C}.Release|Any CPU.ActiveCfg = Release|Any CPU
		{BE7D9C51-B5BC-4931-AD8A-8B213CBB342C}.Release|Any CPU.Build.0 = Release|Any CPU
	EndGlobalSection
	GlobalSection(SolutionProperties) = preSolution
		HideSolutionNode = FALSE
	EndGlobalSection
	GlobalSection(ExtensibilityGlobals) = postSolution
		SolutionGuid = {F794F304-82D6-4BC2-B3EE-2F0F1077C3A9}
	EndGlobalSection
EndGlobal
